// !$*UTF8*$!
{
	archiveVersion = 1;
	classes = {
	};
	objectVersion = 46;
	objects = {

/* Begin PBXBuildFile section */
		34D47E781C360DE500393458 /* AppDelegate.swift in Sources */ = {isa = PBXBuildFile; fileRef = 34D47E771C360DE500393458 /* AppDelegate.swift */; };
		34D47E7A1C360DE500393458 /* ViewController.swift in Sources */ = {isa = PBXBuildFile; fileRef = 34D47E791C360DE500393458 /* ViewController.swift */; };
		34D47E7D1C360DE500393458 /* Main.storyboard in Resources */ = {isa = PBXBuildFile; fileRef = 34D47E7B1C360DE500393458 /* Main.storyboard */; };
		34D47E7F1C360DE500393458 /* Assets.xcassets in Resources */ = {isa = PBXBuildFile; fileRef = 34D47E7E1C360DE500393458 /* Assets.xcassets */; };
		34D47E821C360DE500393458 /* LaunchScreen.storyboard in Resources */ = {isa = PBXBuildFile; fileRef = 34D47E801C360DE500393458 /* LaunchScreen.storyboard */; };
/* End PBXBuildFile section */

/* Begin PBXFileReference section */
		34D47E741C360DE500393458 /* Navigation Bar.app */ = {isa = PBXFileReference; explicitFileType = wrapper.application; includeInIndex = 0; path = "Navigation Bar.app"; sourceTree = BUILT_PRODUCTS_DIR; };
		34D47E771C360DE500393458 /* AppDelegate.swift */ = {isa = PBXFileReference; lastKnownFileType = sourcecode.swift; path = AppDelegate.swift; sourceTree = "<group>"; };
		34D47E791C360DE500393458 /* ViewController.swift */ = {isa = PBXFileReference; lastKnownFileType = sourcecode.swift; path = ViewController.swift; sourceTree = "<group>"; };
		34D47E7C1C360DE500393458 /* Base */ = {isa = PBXFileReference; lastKnownFileType = file.storyboard; name = Base; path = Base.lproj/Main.storyboard; sourceTree = "<group>"; };
		34D47E7E1C360DE500393458 /* Assets.xcassets */ = {isa = PBXFileReference; lastKnownFileType = folder.assetcatalog; path = Assets.xcassets; sourceTree = "<group>"; };
		34D47E811C360DE500393458 /* Base */ = {isa = PBXFileReference; lastKnownFileType = file.storyboard; name = Base; path = Base.lproj/LaunchScreen.storyboard; sourceTree = "<group>"; };
		34D47E831C360DE500393458 /* Info.plist */ = {isa = PBXFileReference; lastKnownFileType = text.plist.xml; path = Info.plist; sourceTree = "<group>"; };
/* End PBXFileReference section */

/* Begin PBXFrameworksBuildPhase section */
		34D47E711C360DE400393458 /* Frameworks */ = {
			isa = PBXFrameworksBuildPhase;
			buildActionMask = 2147483647;
			files = (
			);
			runOnlyForDeploymentPostprocessing = 0;
		};
/* End PBXFrameworksBuildPhase section */

/* Begin PBXGroup section */
		34D47E6B1C360DE400393458 = {
			isa = PBXGroup;
			children = (
				34D47E761C360DE500393458 /* Navigation Bar */,
				34D47E751C360DE500393458 /* Products */,
			);
			sourceTree = "<group>";
		};
		34D47E751C360DE500393458 /* Products */ = {
			isa = PBXGroup;
			children = (
				34D47E741C360DE500393458 /* Navigation Bar.app */,
			);
			name = Products;
			sourceTree = "<group>";
		};
		34D47E761C360DE500393458 /* Navigation Bar */ = {
			isa = PBXGroup;
			children = (
				34D47E771C360DE500393458 /* AppDelegate.swift */,
				34D47E791C360DE500393458 /* ViewController.swift */,
				34D47E7B1C360DE500393458 /* Main.storyboard */,
				34D47E7E1C360DE500393458 /* Assets.xcassets */,
				34D47E801C360DE500393458 /* LaunchScreen.storyboard */,
				34D47E831C360DE500393458 /* Info.plist */,
			);
			path = "Navigation Bar";
			sourceTree = "<group>";
		};
/* End PBXGroup section */

/* Begin PBXNativeTarget section */
		34D47E731C360DE400393458 /* Navigation Bar */ = {
			isa = PBXNativeTarget;
			buildConfigurationList = 34D47E861C360DE500393458 /* Build configuration list for PBXNativeTarget "Navigation Bar" */;
			buildPhases = (
				34D47E701C360DE400393458 /* Sources */,
				34D47E711C360DE400393458 /* Frameworks */,
				34D47E721C360DE400393458 /* Resources */,
			);
			buildRules = (
			);
			dependencies = (
			);
			name = "Navigation Bar";
			productName = "Navigation Bar";
			productReference = 34D47E741C360DE500393458 /* Navigation Bar.app */;
			productType = "com.apple.product-type.application";
		};
/* End PBXNativeTarget section */

/* Begin PBXProject section */
		34D47E6C1C360DE400393458 /* Project object */ = {
			isa = PBXProject;
			attributes = {
				LastSwiftUpdateCheck = 0720;
				LastUpgradeCheck = 0720;
				ORGANIZATIONNAME = "Tingbo Chen";
				TargetAttributes = {
					34D47E731C360DE400393458 = {
						CreatedOnToolsVersion = 7.2;
						DevelopmentTeam = LJL8G936JS;
					};
				};
			};
			buildConfigurationList = 34D47E6F1C360DE400393458 /* Build configuration list for PBXProject "Navigation Bar" */;
			compatibilityVersion = "Xcode 3.2";
			developmentRegion = English;
			hasScannedForEncodings = 0;
			knownRegions = (
				en,
				Base,
			);
			mainGroup = 34D47E6B1C360DE400393458;
			productRefGroup = 34D47E751C360DE500393458 /* Products */;
			projectDirPath = "";
			projectRoot = "";
			targets = (
				34D47E731C360DE400393458 /* Navigation Bar */,
			);
		};
/* End PBXProject section */

/* Begin PBXResourcesBuildPhase section */
		34D47E721C360DE400393458 /* Resources */ = {
			isa = PBXResourcesBuildPhase;
			buildActionMask = 2147483647;
			files = (
				34D47E821C360DE500393458 /* LaunchScreen.storyboard in Resources */,
				34D47E7F1C360DE500393458 /* Assets.xcassets in Resources */,
				34D47E7D1C360DE500393458 /* Main.storyboard in Resources */,
			);
			runOnlyForDeploymentPostprocessing = 0;
		};
/* End PBXResourcesBuildPhase section */

/* Begin PBXSourcesBuildPhase section */
		34D47E701C360DE400393458 /* Sources */ = {
			isa = PBXSourcesBuildPhase;
			buildActionMask = 2147483647;
			files = (
				34D47E7A1C360DE500393458 /* ViewController.swift in Sources */,
				34D47E781C360DE500393458 /* AppDelegate.swift in Sources */,
			);
			runOnlyForDeploymentPostprocessing = 0;
		};
/* End PBXSourcesBuildPhase section */

/* Begin PBXVariantGroup section */
		34D47E7B1C360DE500393458 /* Main.storyboard */ = {
			isa = PBXVariantGroup;
			children = (
				34D47E7C1C360DE500393458 /* Base */,
			);
			name = Main.storyboard;
			sourceTree = "<group>";
		};
		34D47E801C360DE500393458 /* LaunchScreen.storyboard */ = {
			isa = PBXVariantGroup;
			children = (
				34D47E811C360DE500393458 /* Base */,
			);
			name = LaunchScreen.storyboard;
			sourceTree = "<group>";
		};
/* End PBXVariantGroup section */

/* Begin XCBuildConfiguration section */
		34D47E841C360DE500393458 /* Debug */ = {
			isa = XCBuildConfiguration;
			buildSettings = {
				ALWAYS_SEARCH_USER_PATHS = NO;
				CLANG_CXX_LANGUAGE_STANDARD = "gnu++0x";
				CLANG_CXX_LIBRARY = "libc++";
				CLANG_ENABLE_MODULES = YES;
				CLANG_ENABLE_OBJC_ARC = YES;
				CLANG_WARN_BOOL_CONVERSION = YES;
				CLANG_WARN_CONSTANT_CONVERSION = YES;
				CLANG_WARN_DIRECT_OBJC_ISA_USAGE = YES_ERROR;
				CLANG_WARN_EMPTY_BODY = YES;
				CLANG_WARN_ENUM_CONVERSION = YES;
				CLANG_WARN_INT_CONVERSION = YES;
				CLANG_WARN_OBJC_ROOT_CLASS = YES_ERROR;
				CLANG_WARN_UNREACHABLE_CODE = YES;
				CLANG_WARN__DUPLICATE_METHOD_MATCH = YES;
				"CODE_SIGN_IDENTITY[sdk=iphoneos*]" = "iPhone Developer";
				COPY_PHASE_STRIP = NO;
				DEBUG_INFORMATION_FORMAT = dwarf;
				ENABLE_STRICT_OBJC_MSGSEND = YES;
				ENABLE_TESTABILITY = YES;
				GCC_C_LANGUAGE_STANDARD = gnu99;
				GCC_DYNAMIC_NO_PIC = NO;
				GCC_NO_COMMON_BLOCKS = YES;
				GCC_OPTIMIZATION_LEVEL = 0;
				GCC_PREPROCESSOR_DEFINITIONS = (
					"DEBUG=1",
					"$(inherited)",
				);
				GCC_WARN_64_TO_32_BIT_CONVERSION = YES;
				GCC_WARN_ABOUT_RETURN_TYPE = YES_ERROR;
				GCC_WARN_UNDECLARED_SELECTOR = YES;
				GCC_WARN_UNINITIALIZED_AUTOS = YES_AGGRESSIVE;
				GCC_WARN_UNUSED_FUNCTION = YES;
				GCC_WARN_UNUSED_VARIABLE = YES;
				IPHONEOS_DEPLOYMENT_TARGET = 9.2;
				MTL_ENABLE_DEBUG_INFO = YES;
				ONLY_ACTIVE_ARCH = YES;
				SDKROOT = iphoneos;
				SWIFT_OPTIMIZATION_LEVEL = "-Onone";
			};
			name = Debug;
		};
		34D47E851C360DE500393458 /* Release */ = {
			isa = XCBuildConfiguration;
			buildSettings = {
				ALWAYS_SEARCH_USER_PATHS = NO;
				CLANG_CXX_LANGUAGE_STANDARD = "gnu++0x";
				CLANG_CXX_LIBRARY = "libc++";
				CLANG_ENABLE_MODULES = YES;
				CLANG_ENABLE_OBJC_ARC = YES;
				CLANG_WARN_BOOL_CONVERSION = YES;
				CLANG_WARN_CONSTANT_CONVERSION = YES;
				CLANG_WARN_DIRECT_OBJC_ISA_USAGE = YES_ERROR;
				CLANG_WARN_EMPTY_BODY = YES;
				CLANG_WARN_ENUM_CONVERSION = YES;
				CLANG_WARN_INT_CONVERSION = YES;
				CLANG_WARN_OBJC_ROOT_CLASS = YES_ERROR;
				CLANG_WARN_UNREACHABLE_CODE = YES;
				CLANG_WARN__DUPLICATE_METHOD_MATCH = YES;
				"CODE_SIGN_IDENTITY[sdk=iphoneos*]" = "iPhone Developer";
				COPY_PHASE_STRIP = NO;
				DEBUG_INFORMATION_FORMAT = "dwarf-with-dsym";
				ENABLE_NS_ASSERTIONS = NO;
				ENABLE_STRICT_OBJC_MSGSEND = YES;
				GCC_C_LANGUAGE_STANDARD = gnu99;
				GCC_NO_COMMON_BLOCKS = YES;
				GCC_WARN_64_TO_32_BIT_CONVERSION = YES;
				GCC_WARN_ABOUT_RETURN_TYPE = YES_ERROR;
				GCC_WARN_UNDECLARED_SELECTOR = YES;
				GCC_WARN_UNINITIALIZED_AUTOS = YES_AGGRESSIVE;
				GCC_WARN_UNUSED_FUNCTION = YES;
				GCC_WARN_UNUSED_VARIABLE = YES;
				IPHONEOS_DEPLOYMENT_TARGET = 9.2;
				MTL_ENABLE_DEBUG_INFO = NO;
				SDKROOT = iphoneos;
				VALIDATE_PRODUCT = YES;
			};
			name = Release;
		};
		34D47E871C360DE500393458 /* Debug */ = {
			isa = XCBuildConfiguration;
			buildSettings = {
				ASSETCATALOG_COMPILER_APPICON_NAME = AppIcon;
				INFOPLIST_FILE = "Navigation Bar/Info.plist";
				LD_RUNPATH_SEARCH_PATHS = "$(inherited) @executable_path/Frameworks";
				PRODUCT_BUNDLE_IDENTIFIER = "com.tbc.Navigation-Bar";
				PRODUCT_NAME = "$(TARGET_NAME)";
			};
			name = Debug;
		};
		34D47E881C360DE500393458 /* Release */ = {
			isa = XCBuildConfiguration;
			buildSettings = {
				ASSETCATALOG_COMPILER_APPICON_NAME = AppIcon;
				INFOPLIST_FILE = "Navigation Bar/Info.plist";
				LD_RUNPATH_SEARCH_PATHS = "$(inherited) @executable_path/Frameworks";
				PRODUCT_BUNDLE_IDENTIFIER = "com.tbc.Navigation-Bar";
				PRODUCT_NAME = "$(TARGET_NAME)";
			};
			name = Release;
		};
/* End XCBuildConfiguration section */

/* Begin XCConfigurationList section */
		34D47E6F1C360DE400393458 /* Build configuration list for PBXProject "Navigation Bar" */ = {
			isa = XCConfigurationList;
			buildConfigurations = (
				34D47E841C360DE500393458 /* Debug */,
				34D47E851C360DE500393458 /* Release */,
			);
			defaultConfigurationIsVisible = 0;
			defaultConfigurationName = Release;
		};
		34D47E861C360DE500393458 /* Build configuration list for PBXNativeTarget "Navigation Bar" */ = {
			isa = XCConfigurationList;
			buildConfigurations = (
				34D47E871C360DE500393458 /* Debug */,
				34D47E881C360DE500393458 /* Release */,
			);
			defaultConfigurationIsVisible = 0;
		};
/* End XCConfigurationList section */
	};
	rootObject = 34D47E6C1C360DE400393458 /* Project object */;
}
