// !$*UTF8*$!
{
	archiveVersion = 1;
	classes = {
	};
	objectVersion = 46;
	objects = {

/* Begin PBXBuildFile section */
		34BB434C1C68E1DB00E02BF3 /* AppDelegate.swift in Sources */ = {isa = PBXBuildFile; fileRef = 34BB434B1C68E1DB00E02BF3 /* AppDelegate.swift */; };
		34BB434E1C68E1DB00E02BF3 /* ViewController.swift in Sources */ = {isa = PBXBuildFile; fileRef = 34BB434D1C68E1DB00E02BF3 /* ViewController.swift */; };
		34BB43511C68E1DB00E02BF3 /* Main.storyboard in Resources */ = {isa = PBXBuildFile; fileRef = 34BB434F1C68E1DB00E02BF3 /* Main.storyboard */; };
		34BB43541C68E1DB00E02BF3 /* Importing_from_Photo_Library.xcdatamodeld in Sources */ = {isa = PBXBuildFile; fileRef = 34BB43521C68E1DB00E02BF3 /* Importing_from_Photo_Library.xcdatamodeld */; };
		34BB43561C68E1DB00E02BF3 /* Assets.xcassets in Resources */ = {isa = PBXBuildFile; fileRef = 34BB43551C68E1DB00E02BF3 /* Assets.xcassets */; };
		34BB43591C68E1DB00E02BF3 /* LaunchScreen.storyboard in Resources */ = {isa = PBXBuildFile; fileRef = 34BB43571C68E1DB00E02BF3 /* LaunchScreen.storyboard */; };
/* End PBXBuildFile section */

/* Begin PBXFileReference section */
		34BB43481C68E1DB00E02BF3 /* Importing from Photo Library.app */ = {isa = PBXFileReference; explicitFileType = wrapper.application; includeInIndex = 0; path = "Importing from Photo Library.app"; sourceTree = BUILT_PRODUCTS_DIR; };
		34BB434B1C68E1DB00E02BF3 /* AppDelegate.swift */ = {isa = PBXFileReference; lastKnownFileType = sourcecode.swift; path = AppDelegate.swift; sourceTree = "<group>"; };
		34BB434D1C68E1DB00E02BF3 /* ViewController.swift */ = {isa = PBXFileReference; lastKnownFileType = sourcecode.swift; path = ViewController.swift; sourceTree = "<group>"; };
		34BB43501C68E1DB00E02BF3 /* Base */ = {isa = PBXFileReference; lastKnownFileType = file.storyboard; name = Base; path = Base.lproj/Main.storyboard; sourceTree = "<group>"; };
		34BB43531C68E1DB00E02BF3 /* Importing_from_Photo_Library.xcdatamodel */ = {isa = PBXFileReference; lastKnownFileType = wrapper.xcdatamodel; path = Importing_from_Photo_Library.xcdatamodel; sourceTree = "<group>"; };
		34BB43551C68E1DB00E02BF3 /* Assets.xcassets */ = {isa = PBXFileReference; lastKnownFileType = folder.assetcatalog; path = Assets.xcassets; sourceTree = "<group>"; };
		34BB43581C68E1DB00E02BF3 /* Base */ = {isa = PBXFileReference; lastKnownFileType = file.storyboard; name = Base; path = Base.lproj/LaunchScreen.storyboard; sourceTree = "<group>"; };
		34BB435A1C68E1DB00E02BF3 /* Info.plist */ = {isa = PBXFileReference; lastKnownFileType = text.plist.xml; path = Info.plist; sourceTree = "<group>"; };
/* End PBXFileReference section */

/* Begin PBXFrameworksBuildPhase section */
		34BB43451C68E1DB00E02BF3 /* Frameworks */ = {
			isa = PBXFrameworksBuildPhase;
			buildActionMask = 2147483647;
			files = (
			);
			runOnlyForDeploymentPostprocessing = 0;
		};
/* End PBXFrameworksBuildPhase section */

/* Begin PBXGroup section */
		34BB433F1C68E1DA00E02BF3 = {
			isa = PBXGroup;
			children = (
				34BB434A1C68E1DB00E02BF3 /* Importing from Photo Library */,
				34BB43491C68E1DB00E02BF3 /* Products */,
			);
			sourceTree = "<group>";
		};
		34BB43491C68E1DB00E02BF3 /* Products */ = {
			isa = PBXGroup;
			children = (
				34BB43481C68E1DB00E02BF3 /* Importing from Photo Library.app */,
			);
			name = Products;
			sourceTree = "<group>";
		};
		34BB434A1C68E1DB00E02BF3 /* Importing from Photo Library */ = {
			isa = PBXGroup;
			children = (
				34BB434B1C68E1DB00E02BF3 /* AppDelegate.swift */,
				34BB434D1C68E1DB00E02BF3 /* ViewController.swift */,
				34BB434F1C68E1DB00E02BF3 /* Main.storyboard */,
				34BB43551C68E1DB00E02BF3 /* Assets.xcassets */,
				34BB43571C68E1DB00E02BF3 /* LaunchScreen.storyboard */,
				34BB435A1C68E1DB00E02BF3 /* Info.plist */,
				34BB43521C68E1DB00E02BF3 /* Importing_from_Photo_Library.xcdatamodeld */,
			);
			path = "Importing from Photo Library";
			sourceTree = "<group>";
		};
/* End PBXGroup section */

/* Begin PBXNativeTarget section */
		34BB43471C68E1DB00E02BF3 /* Importing from Photo Library */ = {
			isa = PBXNativeTarget;
			buildConfigurationList = 34BB435D1C68E1DB00E02BF3 /* Build configuration list for PBXNativeTarget "Importing from Photo Library" */;
			buildPhases = (
				34BB43441C68E1DB00E02BF3 /* Sources */,
				34BB43451C68E1DB00E02BF3 /* Frameworks */,
				34BB43461C68E1DB00E02BF3 /* Resources */,
			);
			buildRules = (
			);
			dependencies = (
			);
			name = "Importing from Photo Library";
			productName = "Importing from Photo Library";
			productReference = 34BB43481C68E1DB00E02BF3 /* Importing from Photo Library.app */;
			productType = "com.apple.product-type.application";
		};
/* End PBXNativeTarget section */

/* Begin PBXProject section */
		34BB43401C68E1DA00E02BF3 /* Project object */ = {
			isa = PBXProject;
			attributes = {
				LastSwiftUpdateCheck = 0720;
				LastUpgradeCheck = 0720;
				ORGANIZATIONNAME = "Tingbo Chen";
				TargetAttributes = {
					34BB43471C68E1DB00E02BF3 = {
						CreatedOnToolsVersion = 7.2;
						DevelopmentTeam = LJL8G936JS;
					};
				};
			};
			buildConfigurationList = 34BB43431C68E1DA00E02BF3 /* Build configuration list for PBXProject "Importing from Photo Library" */;
			compatibilityVersion = "Xcode 3.2";
			developmentRegion = English;
			hasScannedForEncodings = 0;
			knownRegions = (
				en,
				Base,
			);
			mainGroup = 34BB433F1C68E1DA00E02BF3;
			productRefGroup = 34BB43491C68E1DB00E02BF3 /* Products */;
			projectDirPath = "";
			projectRoot = "";
			targets = (
				34BB43471C68E1DB00E02BF3 /* Importing from Photo Library */,
			);
		};
/* End PBXProject section */

/* Begin PBXResourcesBuildPhase section */
		34BB43461C68E1DB00E02BF3 /* Resources */ = {
			isa = PBXResourcesBuildPhase;
			buildActionMask = 2147483647;
			files = (
				34BB43591C68E1DB00E02BF3 /* LaunchScreen.storyboard in Resources */,
				34BB43561C68E1DB00E02BF3 /* Assets.xcassets in Resources */,
				34BB43511C68E1DB00E02BF3 /* Main.storyboard in Resources */,
			);
			runOnlyForDeploymentPostprocessing = 0;
		};
/* End PBXResourcesBuildPhase section */

/* Begin PBXSourcesBuildPhase section */
		34BB43441C68E1DB00E02BF3 /* Sources */ = {
			isa = PBXSourcesBuildPhase;
			buildActionMask = 2147483647;
			files = (
				34BB434E1C68E1DB00E02BF3 /* ViewController.swift in Sources */,
				34BB434C1C68E1DB00E02BF3 /* AppDelegate.swift in Sources */,
				34BB43541C68E1DB00E02BF3 /* Importing_from_Photo_Library.xcdatamodeld in Sources */,
			);
			runOnlyForDeploymentPostprocessing = 0;
		};
/* End PBXSourcesBuildPhase section */

/* Begin PBXVariantGroup section */
		34BB434F1C68E1DB00E02BF3 /* Main.storyboard */ = {
			isa = PBXVariantGroup;
			children = (
				34BB43501C68E1DB00E02BF3 /* Base */,
			);
			name = Main.storyboard;
			sourceTree = "<group>";
		};
		34BB43571C68E1DB00E02BF3 /* LaunchScreen.storyboard */ = {
			isa = PBXVariantGroup;
			children = (
				34BB43581C68E1DB00E02BF3 /* Base */,
			);
			name = LaunchScreen.storyboard;
			sourceTree = "<group>";
		};
/* End PBXVariantGroup section */

/* Begin XCBuildConfiguration section */
		34BB435B1C68E1DB00E02BF3 /* Debug */ = {
			isa = XCBuildConfiguration;
			buildSettings = {
				ALWAYS_SEARCH_USER_PATHS = NO;
				CLANG_CXX_LANGUAGE_STANDARD = "gnu++0x";
				CLANG_CXX_LIBRARY = "libc++";
				CLANG_ENABLE_MODULES = YES;
				CLANG_ENABLE_OBJC_ARC = YES;
				CLANG_WARN_BOOL_CONVERSION = YES;
				CLANG_WARN_CONSTANT_CONVERSION = YES;
				CLANG_WARN_DIRECT_OBJC_ISA_USAGE = YES_ERROR;
				CLANG_WARN_EMPTY_BODY = YES;
				CLANG_WARN_ENUM_CONVERSION = YES;
				CLANG_WARN_INT_CONVERSION = YES;
				CLANG_WARN_OBJC_ROOT_CLASS = YES_ERROR;
				CLANG_WARN_UNREACHABLE_CODE = YES;
				CLANG_WARN__DUPLICATE_METHOD_MATCH = YES;
				"CODE_SIGN_IDENTITY[sdk=iphoneos*]" = "iPhone Developer";
				COPY_PHASE_STRIP = NO;
				DEBUG_INFORMATION_FORMAT = dwarf;
				ENABLE_STRICT_OBJC_MSGSEND = YES;
				ENABLE_TESTABILITY = YES;
				GCC_C_LANGUAGE_STANDARD = gnu99;
				GCC_DYNAMIC_NO_PIC = NO;
				GCC_NO_COMMON_BLOCKS = YES;
				GCC_OPTIMIZATION_LEVEL = 0;
				GCC_PREPROCESSOR_DEFINITIONS = (
					"DEBUG=1",
					"$(inherited)",
				);
				GCC_WARN_64_TO_32_BIT_CONVERSION = YES;
				GCC_WARN_ABOUT_RETURN_TYPE = YES_ERROR;
				GCC_WARN_UNDECLARED_SELECTOR = YES;
				GCC_WARN_UNINITIALIZED_AUTOS = YES_AGGRESSIVE;
				GCC_WARN_UNUSED_FUNCTION = YES;
				GCC_WARN_UNUSED_VARIABLE = YES;
				IPHONEOS_DEPLOYMENT_TARGET = 9.2;
				MTL_ENABLE_DEBUG_INFO = YES;
				ONLY_ACTIVE_ARCH = YES;
				SDKROOT = iphoneos;
				SWIFT_OPTIMIZATION_LEVEL = "-Onone";
			};
			name = Debug;
		};
		34BB435C1C68E1DB00E02BF3 /* Release */ = {
			isa = XCBuildConfiguration;
			buildSettings = {
				ALWAYS_SEARCH_USER_PATHS = NO;
				CLANG_CXX_LANGUAGE_STANDARD = "gnu++0x";
				CLANG_CXX_LIBRARY = "libc++";
				CLANG_ENABLE_MODULES = YES;
				CLANG_ENABLE_OBJC_ARC = YES;
				CLANG_WARN_BOOL_CONVERSION = YES;
				CLANG_WARN_CONSTANT_CONVERSION = YES;
				CLANG_WARN_DIRECT_OBJC_ISA_USAGE = YES_ERROR;
				CLANG_WARN_EMPTY_BODY = YES;
				CLANG_WARN_ENUM_CONVERSION = YES;
				CLANG_WARN_INT_CONVERSION = YES;
				CLANG_WARN_OBJC_ROOT_CLASS = YES_ERROR;
				CLANG_WARN_UNREACHABLE_CODE = YES;
				CLANG_WARN__DUPLICATE_METHOD_MATCH = YES;
				"CODE_SIGN_IDENTITY[sdk=iphoneos*]" = "iPhone Developer";
				COPY_PHASE_STRIP = NO;
				DEBUG_INFORMATION_FORMAT = "dwarf-with-dsym";
				ENABLE_NS_ASSERTIONS = NO;
				ENABLE_STRICT_OBJC_MSGSEND = YES;
				GCC_C_LANGUAGE_STANDARD = gnu99;
				GCC_NO_COMMON_BLOCKS = YES;
				GCC_WARN_64_TO_32_BIT_CONVERSION = YES;
				GCC_WARN_ABOUT_RETURN_TYPE = YES_ERROR;
				GCC_WARN_UNDECLARED_SELECTOR = YES;
				GCC_WARN_UNINITIALIZED_AUTOS = YES_AGGRESSIVE;
				GCC_WARN_UNUSED_FUNCTION = YES;
				GCC_WARN_UNUSED_VARIABLE = YES;
				IPHONEOS_DEPLOYMENT_TARGET = 9.2;
				MTL_ENABLE_DEBUG_INFO = NO;
				SDKROOT = iphoneos;
				VALIDATE_PRODUCT = YES;
			};
			name = Release;
		};
		34BB435E1C68E1DB00E02BF3 /* Debug */ = {
			isa = XCBuildConfiguration;
			buildSettings = {
				ASSETCATALOG_COMPILER_APPICON_NAME = AppIcon;
				INFOPLIST_FILE = "Importing from Photo Library/Info.plist";
				LD_RUNPATH_SEARCH_PATHS = "$(inherited) @executable_path/Frameworks";
				PRODUCT_BUNDLE_IDENTIFIER = "com.tbc.Importing-from-Photo-Library";
				PRODUCT_NAME = "$(TARGET_NAME)";
			};
			name = Debug;
		};
		34BB435F1C68E1DB00E02BF3 /* Release */ = {
			isa = XCBuildConfiguration;
			buildSettings = {
				ASSETCATALOG_COMPILER_APPICON_NAME = AppIcon;
				INFOPLIST_FILE = "Importing from Photo Library/Info.plist";
				LD_RUNPATH_SEARCH_PATHS = "$(inherited) @executable_path/Frameworks";
				PRODUCT_BUNDLE_IDENTIFIER = "com.tbc.Importing-from-Photo-Library";
				PRODUCT_NAME = "$(TARGET_NAME)";
			};
			name = Release;
		};
/* End XCBuildConfiguration section */

/* Begin XCConfigurationList section */
		34BB43431C68E1DA00E02BF3 /* Build configuration list for PBXProject "Importing from Photo Library" */ = {
			isa = XCConfigurationList;
			buildConfigurations = (
				34BB435B1C68E1DB00E02BF3 /* Debug */,
				34BB435C1C68E1DB00E02BF3 /* Release */,
			);
			defaultConfigurationIsVisible = 0;
			defaultConfigurationName = Release;
		};
		34BB435D1C68E1DB00E02BF3 /* Build configuration list for PBXNativeTarget "Importing from Photo Library" */ = {
			isa = XCConfigurationList;
			buildConfigurations = (
				34BB435E1C68E1DB00E02BF3 /* Debug */,
				34BB435F1C68E1DB00E02BF3 /* Release */,
			);
			defaultConfigurationIsVisible = 0;
		};
/* End XCConfigurationList section */

/* Begin XCVersionGroup section */
		34BB43521C68E1DB00E02BF3 /* Importing_from_Photo_Library.xcdatamodeld */ = {
			isa = XCVersionGroup;
			children = (
				34BB43531C68E1DB00E02BF3 /* Importing_from_Photo_Library.xcdatamodel */,
			);
			currentVersion = 34BB43531C68E1DB00E02BF3 /* Importing_from_Photo_Library.xcdatamodel */;
			path = Importing_from_Photo_Library.xcdatamodeld;
			sourceTree = "<group>";
			versionGroupType = wrapper.xcdatamodel;
		};
/* End XCVersionGroup section */
	};
	rootObject = 34BB43401C68E1DA00E02BF3 /* Project object */;
}
