// !$*UTF8*$!
{
	archiveVersion = 1;
	classes = {
	};
	objectVersion = 46;
	objects = {

/* Begin PBXBuildFile section */
		3472275F1C667EAF0054B2DB /* AppDelegate.swift in Sources */ = {isa = PBXBuildFile; fileRef = 3472275E1C667EAF0054B2DB /* AppDelegate.swift */; };
		347227611C667EAF0054B2DB /* ViewController.swift in Sources */ = {isa = PBXBuildFile; fileRef = 347227601C667EAF0054B2DB /* ViewController.swift */; };
		347227641C667EAF0054B2DB /* Main.storyboard in Resources */ = {isa = PBXBuildFile; fileRef = 347227621C667EAF0054B2DB /* Main.storyboard */; };
		347227671C667EAF0054B2DB /* Spinners_and_Alerts.xcdatamodeld in Sources */ = {isa = PBXBuildFile; fileRef = 347227651C667EAF0054B2DB /* Spinners_and_Alerts.xcdatamodeld */; };
		347227691C667EAF0054B2DB /* Assets.xcassets in Resources */ = {isa = PBXBuildFile; fileRef = 347227681C667EAF0054B2DB /* Assets.xcassets */; };
		3472276C1C667EAF0054B2DB /* LaunchScreen.storyboard in Resources */ = {isa = PBXBuildFile; fileRef = 3472276A1C667EAF0054B2DB /* LaunchScreen.storyboard */; };
/* End PBXBuildFile section */

/* Begin PBXFileReference section */
		3472275B1C667EAE0054B2DB /* Spinners and Alerts.app */ = {isa = PBXFileReference; explicitFileType = wrapper.application; includeInIndex = 0; path = "Spinners and Alerts.app"; sourceTree = BUILT_PRODUCTS_DIR; };
		3472275E1C667EAF0054B2DB /* AppDelegate.swift */ = {isa = PBXFileReference; lastKnownFileType = sourcecode.swift; path = AppDelegate.swift; sourceTree = "<group>"; };
		347227601C667EAF0054B2DB /* ViewController.swift */ = {isa = PBXFileReference; lastKnownFileType = sourcecode.swift; path = ViewController.swift; sourceTree = "<group>"; };
		347227631C667EAF0054B2DB /* Base */ = {isa = PBXFileReference; lastKnownFileType = file.storyboard; name = Base; path = Base.lproj/Main.storyboard; sourceTree = "<group>"; };
		347227661C667EAF0054B2DB /* Spinners_and_Alerts.xcdatamodel */ = {isa = PBXFileReference; lastKnownFileType = wrapper.xcdatamodel; path = Spinners_and_Alerts.xcdatamodel; sourceTree = "<group>"; };
		347227681C667EAF0054B2DB /* Assets.xcassets */ = {isa = PBXFileReference; lastKnownFileType = folder.assetcatalog; path = Assets.xcassets; sourceTree = "<group>"; };
		3472276B1C667EAF0054B2DB /* Base */ = {isa = PBXFileReference; lastKnownFileType = file.storyboard; name = Base; path = Base.lproj/LaunchScreen.storyboard; sourceTree = "<group>"; };
		3472276D1C667EAF0054B2DB /* Info.plist */ = {isa = PBXFileReference; lastKnownFileType = text.plist.xml; path = Info.plist; sourceTree = "<group>"; };
/* End PBXFileReference section */

/* Begin PBXFrameworksBuildPhase section */
		347227581C667EAE0054B2DB /* Frameworks */ = {
			isa = PBXFrameworksBuildPhase;
			buildActionMask = 2147483647;
			files = (
			);
			runOnlyForDeploymentPostprocessing = 0;
		};
/* End PBXFrameworksBuildPhase section */

/* Begin PBXGroup section */
		347227521C667EAE0054B2DB = {
			isa = PBXGroup;
			children = (
				3472275D1C667EAF0054B2DB /* Spinners and Alerts */,
				3472275C1C667EAE0054B2DB /* Products */,
			);
			sourceTree = "<group>";
		};
		3472275C1C667EAE0054B2DB /* Products */ = {
			isa = PBXGroup;
			children = (
				3472275B1C667EAE0054B2DB /* Spinners and Alerts.app */,
			);
			name = Products;
			sourceTree = "<group>";
		};
		3472275D1C667EAF0054B2DB /* Spinners and Alerts */ = {
			isa = PBXGroup;
			children = (
				3472275E1C667EAF0054B2DB /* AppDelegate.swift */,
				347227601C667EAF0054B2DB /* ViewController.swift */,
				347227621C667EAF0054B2DB /* Main.storyboard */,
				347227681C667EAF0054B2DB /* Assets.xcassets */,
				3472276A1C667EAF0054B2DB /* LaunchScreen.storyboard */,
				3472276D1C667EAF0054B2DB /* Info.plist */,
				347227651C667EAF0054B2DB /* Spinners_and_Alerts.xcdatamodeld */,
			);
			path = "Spinners and Alerts";
			sourceTree = "<group>";
		};
/* End PBXGroup section */

/* Begin PBXNativeTarget section */
		3472275A1C667EAE0054B2DB /* Spinners and Alerts */ = {
			isa = PBXNativeTarget;
			buildConfigurationList = 347227701C667EAF0054B2DB /* Build configuration list for PBXNativeTarget "Spinners and Alerts" */;
			buildPhases = (
				347227571C667EAE0054B2DB /* Sources */,
				347227581C667EAE0054B2DB /* Frameworks */,
				347227591C667EAE0054B2DB /* Resources */,
			);
			buildRules = (
			);
			dependencies = (
			);
			name = "Spinners and Alerts";
			productName = "Spinners and Alerts";
			productReference = 3472275B1C667EAE0054B2DB /* Spinners and Alerts.app */;
			productType = "com.apple.product-type.application";
		};
/* End PBXNativeTarget section */

/* Begin PBXProject section */
		347227531C667EAE0054B2DB /* Project object */ = {
			isa = PBXProject;
			attributes = {
				LastSwiftUpdateCheck = 0720;
				LastUpgradeCheck = 0720;
				ORGANIZATIONNAME = "Tingbo Chen";
				TargetAttributes = {
					3472275A1C667EAE0054B2DB = {
						CreatedOnToolsVersion = 7.2;
						DevelopmentTeam = LJL8G936JS;
					};
				};
			};
			buildConfigurationList = 347227561C667EAE0054B2DB /* Build configuration list for PBXProject "Spinners and Alerts" */;
			compatibilityVersion = "Xcode 3.2";
			developmentRegion = English;
			hasScannedForEncodings = 0;
			knownRegions = (
				en,
				Base,
			);
			mainGroup = 347227521C667EAE0054B2DB;
			productRefGroup = 3472275C1C667EAE0054B2DB /* Products */;
			projectDirPath = "";
			projectRoot = "";
			targets = (
				3472275A1C667EAE0054B2DB /* Spinners and Alerts */,
			);
		};
/* End PBXProject section */

/* Begin PBXResourcesBuildPhase section */
		347227591C667EAE0054B2DB /* Resources */ = {
			isa = PBXResourcesBuildPhase;
			buildActionMask = 2147483647;
			files = (
				3472276C1C667EAF0054B2DB /* LaunchScreen.storyboard in Resources */,
				347227691C667EAF0054B2DB /* Assets.xcassets in Resources */,
				347227641C667EAF0054B2DB /* Main.storyboard in Resources */,
			);
			runOnlyForDeploymentPostprocessing = 0;
		};
/* End PBXResourcesBuildPhase section */

/* Begin PBXSourcesBuildPhase section */
		347227571C667EAE0054B2DB /* Sources */ = {
			isa = PBXSourcesBuildPhase;
			buildActionMask = 2147483647;
			files = (
				347227611C667EAF0054B2DB /* ViewController.swift in Sources */,
				347227671C667EAF0054B2DB /* Spinners_and_Alerts.xcdatamodeld in Sources */,
				3472275F1C667EAF0054B2DB /* AppDelegate.swift in Sources */,
			);
			runOnlyForDeploymentPostprocessing = 0;
		};
/* End PBXSourcesBuildPhase section */

/* Begin PBXVariantGroup section */
		347227621C667EAF0054B2DB /* Main.storyboard */ = {
			isa = PBXVariantGroup;
			children = (
				347227631C667EAF0054B2DB /* Base */,
			);
			name = Main.storyboard;
			sourceTree = "<group>";
		};
		3472276A1C667EAF0054B2DB /* LaunchScreen.storyboard */ = {
			isa = PBXVariantGroup;
			children = (
				3472276B1C667EAF0054B2DB /* Base */,
			);
			name = LaunchScreen.storyboard;
			sourceTree = "<group>";
		};
/* End PBXVariantGroup section */

/* Begin XCBuildConfiguration section */
		3472276E1C667EAF0054B2DB /* Debug */ = {
			isa = XCBuildConfiguration;
			buildSettings = {
				ALWAYS_SEARCH_USER_PATHS = NO;
				CLANG_CXX_LANGUAGE_STANDARD = "gnu++0x";
				CLANG_CXX_LIBRARY = "libc++";
				CLANG_ENABLE_MODULES = YES;
				CLANG_ENABLE_OBJC_ARC = YES;
				CLANG_WARN_BOOL_CONVERSION = YES;
				CLANG_WARN_CONSTANT_CONVERSION = YES;
				CLANG_WARN_DIRECT_OBJC_ISA_USAGE = YES_ERROR;
				CLANG_WARN_EMPTY_BODY = YES;
				CLANG_WARN_ENUM_CONVERSION = YES;
				CLANG_WARN_INT_CONVERSION = YES;
				CLANG_WARN_OBJC_ROOT_CLASS = YES_ERROR;
				CLANG_WARN_UNREACHABLE_CODE = YES;
				CLANG_WARN__DUPLICATE_METHOD_MATCH = YES;
				"CODE_SIGN_IDENTITY[sdk=iphoneos*]" = "iPhone Developer";
				COPY_PHASE_STRIP = NO;
				DEBUG_INFORMATION_FORMAT = dwarf;
				ENABLE_STRICT_OBJC_MSGSEND = YES;
				ENABLE_TESTABILITY = YES;
				GCC_C_LANGUAGE_STANDARD = gnu99;
				GCC_DYNAMIC_NO_PIC = NO;
				GCC_NO_COMMON_BLOCKS = YES;
				GCC_OPTIMIZATION_LEVEL = 0;
				GCC_PREPROCESSOR_DEFINITIONS = (
					"DEBUG=1",
					"$(inherited)",
				);
				GCC_WARN_64_TO_32_BIT_CONVERSION = YES;
				GCC_WARN_ABOUT_RETURN_TYPE = YES_ERROR;
				GCC_WARN_UNDECLARED_SELECTOR = YES;
				GCC_WARN_UNINITIALIZED_AUTOS = YES_AGGRESSIVE;
				GCC_WARN_UNUSED_FUNCTION = YES;
				GCC_WARN_UNUSED_VARIABLE = YES;
				IPHONEOS_DEPLOYMENT_TARGET = 9.2;
				MTL_ENABLE_DEBUG_INFO = YES;
				ONLY_ACTIVE_ARCH = YES;
				SDKROOT = iphoneos;
				SWIFT_OPTIMIZATION_LEVEL = "-Onone";
			};
			name = Debug;
		};
		3472276F1C667EAF0054B2DB /* Release */ = {
			isa = XCBuildConfiguration;
			buildSettings = {
				ALWAYS_SEARCH_USER_PATHS = NO;
				CLANG_CXX_LANGUAGE_STANDARD = "gnu++0x";
				CLANG_CXX_LIBRARY = "libc++";
				CLANG_ENABLE_MODULES = YES;
				CLANG_ENABLE_OBJC_ARC = YES;
				CLANG_WARN_BOOL_CONVERSION = YES;
				CLANG_WARN_CONSTANT_CONVERSION = YES;
				CLANG_WARN_DIRECT_OBJC_ISA_USAGE = YES_ERROR;
				CLANG_WARN_EMPTY_BODY = YES;
				CLANG_WARN_ENUM_CONVERSION = YES;
				CLANG_WARN_INT_CONVERSION = YES;
				CLANG_WARN_OBJC_ROOT_CLASS = YES_ERROR;
				CLANG_WARN_UNREACHABLE_CODE = YES;
				CLANG_WARN__DUPLICATE_METHOD_MATCH = YES;
				"CODE_SIGN_IDENTITY[sdk=iphoneos*]" = "iPhone Developer";
				COPY_PHASE_STRIP = NO;
				DEBUG_INFORMATION_FORMAT = "dwarf-with-dsym";
				ENABLE_NS_ASSERTIONS = NO;
				ENABLE_STRICT_OBJC_MSGSEND = YES;
				GCC_C_LANGUAGE_STANDARD = gnu99;
				GCC_NO_COMMON_BLOCKS = YES;
				GCC_WARN_64_TO_32_BIT_CONVERSION = YES;
				GCC_WARN_ABOUT_RETURN_TYPE = YES_ERROR;
				GCC_WARN_UNDECLARED_SELECTOR = YES;
				GCC_WARN_UNINITIALIZED_AUTOS = YES_AGGRESSIVE;
				GCC_WARN_UNUSED_FUNCTION = YES;
				GCC_WARN_UNUSED_VARIABLE = YES;
				IPHONEOS_DEPLOYMENT_TARGET = 9.2;
				MTL_ENABLE_DEBUG_INFO = NO;
				SDKROOT = iphoneos;
				VALIDATE_PRODUCT = YES;
			};
			name = Release;
		};
		347227711C667EAF0054B2DB /* Debug */ = {
			isa = XCBuildConfiguration;
			buildSettings = {
				ASSETCATALOG_COMPILER_APPICON_NAME = AppIcon;
				INFOPLIST_FILE = "Spinners and Alerts/Info.plist";
				LD_RUNPATH_SEARCH_PATHS = "$(inherited) @executable_path/Frameworks";
				PRODUCT_BUNDLE_IDENTIFIER = "com.tbc.Spinners-and-Alerts";
				PRODUCT_NAME = "$(TARGET_NAME)";
			};
			name = Debug;
		};
		347227721C667EAF0054B2DB /* Release */ = {
			isa = XCBuildConfiguration;
			buildSettings = {
				ASSETCATALOG_COMPILER_APPICON_NAME = AppIcon;
				INFOPLIST_FILE = "Spinners and Alerts/Info.plist";
				LD_RUNPATH_SEARCH_PATHS = "$(inherited) @executable_path/Frameworks";
				PRODUCT_BUNDLE_IDENTIFIER = "com.tbc.Spinners-and-Alerts";
				PRODUCT_NAME = "$(TARGET_NAME)";
			};
			name = Release;
		};
/* End XCBuildConfiguration section */

/* Begin XCConfigurationList section */
		347227561C667EAE0054B2DB /* Build configuration list for PBXProject "Spinners and Alerts" */ = {
			isa = XCConfigurationList;
			buildConfigurations = (
				3472276E1C667EAF0054B2DB /* Debug */,
				3472276F1C667EAF0054B2DB /* Release */,
			);
			defaultConfigurationIsVisible = 0;
			defaultConfigurationName = Release;
		};
		347227701C667EAF0054B2DB /* Build configuration list for PBXNativeTarget "Spinners and Alerts" */ = {
			isa = XCConfigurationList;
			buildConfigurations = (
				347227711C667EAF0054B2DB /* Debug */,
				347227721C667EAF0054B2DB /* Release */,
			);
			defaultConfigurationIsVisible = 0;
		};
/* End XCConfigurationList section */

/* Begin XCVersionGroup section */
		347227651C667EAF0054B2DB /* Spinners_and_Alerts.xcdatamodeld */ = {
			isa = XCVersionGroup;
			children = (
				347227661C667EAF0054B2DB /* Spinners_and_Alerts.xcdatamodel */,
			);
			currentVersion = 347227661C667EAF0054B2DB /* Spinners_and_Alerts.xcdatamodel */;
			path = Spinners_and_Alerts.xcdatamodeld;
			sourceTree = "<group>";
			versionGroupType = wrapper.xcdatamodel;
		};
/* End XCVersionGroup section */
	};
	rootObject = 347227531C667EAE0054B2DB /* Project object */;
}
