// !$*UTF8*$!
{
	archiveVersion = 1;
	classes = {
	};
	objectVersion = 46;
	objects = {

/* Begin PBXBuildFile section */
		3405A7E81C3EE35F0015623C /* AppDelegate.swift in Sources */ = {isa = PBXBuildFile; fileRef = 3405A7E71C3EE35F0015623C /* AppDelegate.swift */; };
		3405A7EA1C3EE35F0015623C /* ViewController.swift in Sources */ = {isa = PBXBuildFile; fileRef = 3405A7E91C3EE35F0015623C /* ViewController.swift */; };
		3405A7ED1C3EE35F0015623C /* Main.storyboard in Resources */ = {isa = PBXBuildFile; fileRef = 3405A7EB1C3EE35F0015623C /* Main.storyboard */; };
		3405A7EF1C3EE35F0015623C /* Assets.xcassets in Resources */ = {isa = PBXBuildFile; fileRef = 3405A7EE1C3EE35F0015623C /* Assets.xcassets */; };
		3405A7F21C3EE35F0015623C /* LaunchScreen.storyboard in Resources */ = {isa = PBXBuildFile; fileRef = 3405A7F01C3EE35F0015623C /* LaunchScreen.storyboard */; };
		3405A7FC1C3EE6F50015623C /* board.png in Resources */ = {isa = PBXBuildFile; fileRef = 3405A7F91C3EE6F50015623C /* board.png */; };
		3405A7FD1C3EE6F50015623C /* cross.png in Resources */ = {isa = PBXBuildFile; fileRef = 3405A7FA1C3EE6F50015623C /* cross.png */; };
		3405A7FE1C3EE6F50015623C /* nought.png in Resources */ = {isa = PBXBuildFile; fileRef = 3405A7FB1C3EE6F50015623C /* nought.png */; };
/* End PBXBuildFile section */

/* Begin PBXFileReference section */
		3405A7E41C3EE35E0015623C /* Xs and Os.app */ = {isa = PBXFileReference; explicitFileType = wrapper.application; includeInIndex = 0; path = "Xs and Os.app"; sourceTree = BUILT_PRODUCTS_DIR; };
		3405A7E71C3EE35F0015623C /* AppDelegate.swift */ = {isa = PBXFileReference; lastKnownFileType = sourcecode.swift; path = AppDelegate.swift; sourceTree = "<group>"; };
		3405A7E91C3EE35F0015623C /* ViewController.swift */ = {isa = PBXFileReference; lastKnownFileType = sourcecode.swift; path = ViewController.swift; sourceTree = "<group>"; };
		3405A7EC1C3EE35F0015623C /* Base */ = {isa = PBXFileReference; lastKnownFileType = file.storyboard; name = Base; path = Base.lproj/Main.storyboard; sourceTree = "<group>"; };
		3405A7EE1C3EE35F0015623C /* Assets.xcassets */ = {isa = PBXFileReference; lastKnownFileType = folder.assetcatalog; path = Assets.xcassets; sourceTree = "<group>"; };
		3405A7F11C3EE35F0015623C /* Base */ = {isa = PBXFileReference; lastKnownFileType = file.storyboard; name = Base; path = Base.lproj/LaunchScreen.storyboard; sourceTree = "<group>"; };
		3405A7F31C3EE35F0015623C /* Info.plist */ = {isa = PBXFileReference; lastKnownFileType = text.plist.xml; path = Info.plist; sourceTree = "<group>"; };
		3405A7F91C3EE6F50015623C /* board.png */ = {isa = PBXFileReference; lastKnownFileType = image.png; path = board.png; sourceTree = "<group>"; };
		3405A7FA1C3EE6F50015623C /* cross.png */ = {isa = PBXFileReference; lastKnownFileType = image.png; path = cross.png; sourceTree = "<group>"; };
		3405A7FB1C3EE6F50015623C /* nought.png */ = {isa = PBXFileReference; lastKnownFileType = image.png; path = nought.png; sourceTree = "<group>"; };
/* End PBXFileReference section */

/* Begin PBXFrameworksBuildPhase section */
		3405A7E11C3EE35E0015623C /* Frameworks */ = {
			isa = PBXFrameworksBuildPhase;
			buildActionMask = 2147483647;
			files = (
			);
			runOnlyForDeploymentPostprocessing = 0;
		};
/* End PBXFrameworksBuildPhase section */

/* Begin PBXGroup section */
		3405A7DB1C3EE35E0015623C = {
			isa = PBXGroup;
			children = (
				3405A7E61C3EE35E0015623C /* Xs and Os */,
				3405A7E51C3EE35E0015623C /* Products */,
			);
			sourceTree = "<group>";
		};
		3405A7E51C3EE35E0015623C /* Products */ = {
			isa = PBXGroup;
			children = (
				3405A7E41C3EE35E0015623C /* Xs and Os.app */,
			);
			name = Products;
			sourceTree = "<group>";
		};
		3405A7E61C3EE35E0015623C /* Xs and Os */ = {
			isa = PBXGroup;
			children = (
				3405A7F91C3EE6F50015623C /* board.png */,
				3405A7FA1C3EE6F50015623C /* cross.png */,
				3405A7FB1C3EE6F50015623C /* nought.png */,
				3405A7E71C3EE35F0015623C /* AppDelegate.swift */,
				3405A7E91C3EE35F0015623C /* ViewController.swift */,
				3405A7EB1C3EE35F0015623C /* Main.storyboard */,
				3405A7EE1C3EE35F0015623C /* Assets.xcassets */,
				3405A7F01C3EE35F0015623C /* LaunchScreen.storyboard */,
				3405A7F31C3EE35F0015623C /* Info.plist */,
			);
			path = "Xs and Os";
			sourceTree = "<group>";
		};
/* End PBXGroup section */

/* Begin PBXNativeTarget section */
		3405A7E31C3EE35E0015623C /* Xs and Os */ = {
			isa = PBXNativeTarget;
			buildConfigurationList = 3405A7F61C3EE35F0015623C /* Build configuration list for PBXNativeTarget "Xs and Os" */;
			buildPhases = (
				3405A7E01C3EE35E0015623C /* Sources */,
				3405A7E11C3EE35E0015623C /* Frameworks */,
				3405A7E21C3EE35E0015623C /* Resources */,
			);
			buildRules = (
			);
			dependencies = (
			);
			name = "Xs and Os";
			productName = "Xs and Os";
			productReference = 3405A7E41C3EE35E0015623C /* Xs and Os.app */;
			productType = "com.apple.product-type.application";
		};
/* End PBXNativeTarget section */

/* Begin PBXProject section */
		3405A7DC1C3EE35E0015623C /* Project object */ = {
			isa = PBXProject;
			attributes = {
				LastSwiftUpdateCheck = 0720;
				LastUpgradeCheck = 0720;
				ORGANIZATIONNAME = "Tingbo Chen";
				TargetAttributes = {
					3405A7E31C3EE35E0015623C = {
						CreatedOnToolsVersion = 7.2;
						DevelopmentTeam = LJL8G936JS;
					};
				};
			};
			buildConfigurationList = 3405A7DF1C3EE35E0015623C /* Build configuration list for PBXProject "Xs and Os" */;
			compatibilityVersion = "Xcode 3.2";
			developmentRegion = English;
			hasScannedForEncodings = 0;
			knownRegions = (
				en,
				Base,
			);
			mainGroup = 3405A7DB1C3EE35E0015623C;
			productRefGroup = 3405A7E51C3EE35E0015623C /* Products */;
			projectDirPath = "";
			projectRoot = "";
			targets = (
				3405A7E31C3EE35E0015623C /* Xs and Os */,
			);
		};
/* End PBXProject section */

/* Begin PBXResourcesBuildPhase section */
		3405A7E21C3EE35E0015623C /* Resources */ = {
			isa = PBXResourcesBuildPhase;
			buildActionMask = 2147483647;
			files = (
				3405A7FD1C3EE6F50015623C /* cross.png in Resources */,
				3405A7FC1C3EE6F50015623C /* board.png in Resources */,
				3405A7FE1C3EE6F50015623C /* nought.png in Resources */,
				3405A7F21C3EE35F0015623C /* LaunchScreen.storyboard in Resources */,
				3405A7EF1C3EE35F0015623C /* Assets.xcassets in Resources */,
				3405A7ED1C3EE35F0015623C /* Main.storyboard in Resources */,
			);
			runOnlyForDeploymentPostprocessing = 0;
		};
/* End PBXResourcesBuildPhase section */

/* Begin PBXSourcesBuildPhase section */
		3405A7E01C3EE35E0015623C /* Sources */ = {
			isa = PBXSourcesBuildPhase;
			buildActionMask = 2147483647;
			files = (
				3405A7EA1C3EE35F0015623C /* ViewController.swift in Sources */,
				3405A7E81C3EE35F0015623C /* AppDelegate.swift in Sources */,
			);
			runOnlyForDeploymentPostprocessing = 0;
		};
/* End PBXSourcesBuildPhase section */

/* Begin PBXVariantGroup section */
		3405A7EB1C3EE35F0015623C /* Main.storyboard */ = {
			isa = PBXVariantGroup;
			children = (
				3405A7EC1C3EE35F0015623C /* Base */,
			);
			name = Main.storyboard;
			sourceTree = "<group>";
		};
		3405A7F01C3EE35F0015623C /* LaunchScreen.storyboard */ = {
			isa = PBXVariantGroup;
			children = (
				3405A7F11C3EE35F0015623C /* Base */,
			);
			name = LaunchScreen.storyboard;
			sourceTree = "<group>";
		};
/* End PBXVariantGroup section */

/* Begin XCBuildConfiguration section */
		3405A7F41C3EE35F0015623C /* Debug */ = {
			isa = XCBuildConfiguration;
			buildSettings = {
				ALWAYS_SEARCH_USER_PATHS = NO;
				CLANG_CXX_LANGUAGE_STANDARD = "gnu++0x";
				CLANG_CXX_LIBRARY = "libc++";
				CLANG_ENABLE_MODULES = YES;
				CLANG_ENABLE_OBJC_ARC = YES;
				CLANG_WARN_BOOL_CONVERSION = YES;
				CLANG_WARN_CONSTANT_CONVERSION = YES;
				CLANG_WARN_DIRECT_OBJC_ISA_USAGE = YES_ERROR;
				CLANG_WARN_EMPTY_BODY = YES;
				CLANG_WARN_ENUM_CONVERSION = YES;
				CLANG_WARN_INT_CONVERSION = YES;
				CLANG_WARN_OBJC_ROOT_CLASS = YES_ERROR;
				CLANG_WARN_UNREACHABLE_CODE = YES;
				CLANG_WARN__DUPLICATE_METHOD_MATCH = YES;
				"CODE_SIGN_IDENTITY[sdk=iphoneos*]" = "iPhone Developer";
				COPY_PHASE_STRIP = NO;
				DEBUG_INFORMATION_FORMAT = dwarf;
				ENABLE_STRICT_OBJC_MSGSEND = YES;
				ENABLE_TESTABILITY = YES;
				GCC_C_LANGUAGE_STANDARD = gnu99;
				GCC_DYNAMIC_NO_PIC = NO;
				GCC_NO_COMMON_BLOCKS = YES;
				GCC_OPTIMIZATION_LEVEL = 0;
				GCC_PREPROCESSOR_DEFINITIONS = (
					"DEBUG=1",
					"$(inherited)",
				);
				GCC_WARN_64_TO_32_BIT_CONVERSION = YES;
				GCC_WARN_ABOUT_RETURN_TYPE = YES_ERROR;
				GCC_WARN_UNDECLARED_SELECTOR = YES;
				GCC_WARN_UNINITIALIZED_AUTOS = YES_AGGRESSIVE;
				GCC_WARN_UNUSED_FUNCTION = YES;
				GCC_WARN_UNUSED_VARIABLE = YES;
				IPHONEOS_DEPLOYMENT_TARGET = 9.2;
				MTL_ENABLE_DEBUG_INFO = YES;
				ONLY_ACTIVE_ARCH = YES;
				SDKROOT = iphoneos;
				SWIFT_OPTIMIZATION_LEVEL = "-Onone";
			};
			name = Debug;
		};
		3405A7F51C3EE35F0015623C /* Release */ = {
			isa = XCBuildConfiguration;
			buildSettings = {
				ALWAYS_SEARCH_USER_PATHS = NO;
				CLANG_CXX_LANGUAGE_STANDARD = "gnu++0x";
				CLANG_CXX_LIBRARY = "libc++";
				CLANG_ENABLE_MODULES = YES;
				CLANG_ENABLE_OBJC_ARC = YES;
				CLANG_WARN_BOOL_CONVERSION = YES;
				CLANG_WARN_CONSTANT_CONVERSION = YES;
				CLANG_WARN_DIRECT_OBJC_ISA_USAGE = YES_ERROR;
				CLANG_WARN_EMPTY_BODY = YES;
				CLANG_WARN_ENUM_CONVERSION = YES;
				CLANG_WARN_INT_CONVERSION = YES;
				CLANG_WARN_OBJC_ROOT_CLASS = YES_ERROR;
				CLANG_WARN_UNREACHABLE_CODE = YES;
				CLANG_WARN__DUPLICATE_METHOD_MATCH = YES;
				"CODE_SIGN_IDENTITY[sdk=iphoneos*]" = "iPhone Developer";
				COPY_PHASE_STRIP = NO;
				DEBUG_INFORMATION_FORMAT = "dwarf-with-dsym";
				ENABLE_NS_ASSERTIONS = NO;
				ENABLE_STRICT_OBJC_MSGSEND = YES;
				GCC_C_LANGUAGE_STANDARD = gnu99;
				GCC_NO_COMMON_BLOCKS = YES;
				GCC_WARN_64_TO_32_BIT_CONVERSION = YES;
				GCC_WARN_ABOUT_RETURN_TYPE = YES_ERROR;
				GCC_WARN_UNDECLARED_SELECTOR = YES;
				GCC_WARN_UNINITIALIZED_AUTOS = YES_AGGRESSIVE;
				GCC_WARN_UNUSED_FUNCTION = YES;
				GCC_WARN_UNUSED_VARIABLE = YES;
				IPHONEOS_DEPLOYMENT_TARGET = 9.2;
				MTL_ENABLE_DEBUG_INFO = NO;
				SDKROOT = iphoneos;
				VALIDATE_PRODUCT = YES;
			};
			name = Release;
		};
		3405A7F71C3EE35F0015623C /* Debug */ = {
			isa = XCBuildConfiguration;
			buildSettings = {
				ASSETCATALOG_COMPILER_APPICON_NAME = AppIcon;
				INFOPLIST_FILE = "Xs and Os/Info.plist";
				LD_RUNPATH_SEARCH_PATHS = "$(inherited) @executable_path/Frameworks";
				PRODUCT_BUNDLE_IDENTIFIER = "com.tbc.Xs-and-Os";
				PRODUCT_NAME = "$(TARGET_NAME)";
			};
			name = Debug;
		};
		3405A7F81C3EE35F0015623C /* Release */ = {
			isa = XCBuildConfiguration;
			buildSettings = {
				ASSETCATALOG_COMPILER_APPICON_NAME = AppIcon;
				INFOPLIST_FILE = "Xs and Os/Info.plist";
				LD_RUNPATH_SEARCH_PATHS = "$(inherited) @executable_path/Frameworks";
				PRODUCT_BUNDLE_IDENTIFIER = "com.tbc.Xs-and-Os";
				PRODUCT_NAME = "$(TARGET_NAME)";
			};
			name = Release;
		};
/* End XCBuildConfiguration section */

/* Begin XCConfigurationList section */
		3405A7DF1C3EE35E0015623C /* Build configuration list for PBXProject "Xs and Os" */ = {
			isa = XCConfigurationList;
			buildConfigurations = (
				3405A7F41C3EE35F0015623C /* Debug */,
				3405A7F51C3EE35F0015623C /* Release */,
			);
			defaultConfigurationIsVisible = 0;
			defaultConfigurationName = Release;
		};
		3405A7F61C3EE35F0015623C /* Build configuration list for PBXNativeTarget "Xs and Os" */ = {
			isa = XCConfigurationList;
			buildConfigurations = (
				3405A7F71C3EE35F0015623C /* Debug */,
				3405A7F81C3EE35F0015623C /* Release */,
			);
			defaultConfigurationIsVisible = 0;
		};
/* End XCConfigurationList section */
	};
	rootObject = 3405A7DC1C3EE35E0015623C /* Project object */;
}
